// !$*UTF8*$!
{
	archiveVersion = 1;
	classes = {
	};
	objectVersion = 46;
	objects = {

/* Begin PBXBuildFile section */
		C035C21F19A8B5BE0072C2C0 /* Foundation.framework in Frameworks */ = {isa = PBXBuildFile; fileRef = C035C21E19A8B5BE0072C2C0 /* Foundation.framework */; };
		C035C22119A8B5BE0072C2C0 /* CoreGraphics.framework in Frameworks */ = {isa = PBXBuildFile; fileRef = C035C22019A8B5BE0072C2C0 /* CoreGraphics.framework */; };
		C035C22319A8B5BE0072C2C0 /* UIKit.framework in Frameworks */ = {isa = PBXBuildFile; fileRef = C035C22219A8B5BE0072C2C0 /* UIKit.framework */; };
		C035C22919A8B5BE0072C2C0 /* InfoPlist.strings in Resources */ = {isa = PBXBuildFile; fileRef = C035C22719A8B5BE0072C2C0 /* InfoPlist.strings */; };
		C035C22B19A8B5BE0072C2C0 /* main.m in Sources */ = {isa = PBXBuildFile; fileRef = C035C22A19A8B5BE0072C2C0 /* main.m */; };
		C035C22F19A8B5BE0072C2C0 /* AppDelegate.m in Sources */ = {isa = PBXBuildFile; fileRef = C035C22E19A8B5BE0072C2C0 /* AppDelegate.m */; };
		C035C23219A8B5BE0072C2C0 /* Main_iPhone.storyboard in Resources */ = {isa = PBXBuildFile; fileRef = C035C23019A8B5BE0072C2C0 /* Main_iPhone.storyboard */; };
		C035C23819A8B5BE0072C2C0 /* ViewController.m in Sources */ = {isa = PBXBuildFile; fileRef = C035C23719A8B5BE0072C2C0 /* ViewController.m */; };
		C035C23A19A8B5BE0072C2C0 /* Images.xcassets in Resources */ = {isa = PBXBuildFile; fileRef = C035C23919A8B5BE0072C2C0 /* Images.xcassets */; };
		C035C24119A8B5BE0072C2C0 /* XCTest.framework in Frameworks */ = {isa = PBXBuildFile; fileRef = C035C24019A8B5BE0072C2C0 /* XCTest.framework */; };
		C035C24219A8B5BE0072C2C0 /* Foundation.framework in Frameworks */ = {isa = PBXBuildFile; fileRef = C035C21E19A8B5BE0072C2C0 /* Foundation.framework */; };
		C035C24319A8B5BE0072C2C0 /* UIKit.framework in Frameworks */ = {isa = PBXBuildFile; fileRef = C035C22219A8B5BE0072C2C0 /* UIKit.framework */; };
		C035C24B19A8B5BE0072C2C0 /* InfoPlist.strings in Resources */ = {isa = PBXBuildFile; fileRef = C035C24919A8B5BE0072C2C0 /* InfoPlist.strings */; };
		C035C24D19A8B5BE0072C2C0 /* MediaPickerControllerTests.m in Sources */ = {isa = PBXBuildFile; fileRef = C035C24C19A8B5BE0072C2C0 /* MediaPickerControllerTests.m */; };
		C0A8487C19A91F14005E5BCE /* IQMediaCaptureController.xcassets in Resources */ = {isa = PBXBuildFile; fileRef = C0A8487B19A91F14005E5BCE /* IQMediaCaptureController.xcassets */; };
		C0ACF18F19A8BD8A0071D368 /* IQAlbumAssetsViewController.m in Sources */ = {isa = PBXBuildFile; fileRef = C0ACF13819A8BD8A0071D368 /* IQAlbumAssetsViewController.m */; };
		C0ACF19019A8BD8A0071D368 /* IQAssetsAlbumViewCell.m in Sources */ = {isa = PBXBuildFile; fileRef = C0ACF13B19A8BD8A0071D368 /* IQAssetsAlbumViewCell.m */; };
		C0ACF19119A8BD8A0071D368 /* IQAssetsCell.m in Sources */ = {isa = PBXBuildFile; fileRef = C0ACF13D19A8BD8A0071D368 /* IQAssetsCell.m */; };
		C0ACF19219A8BD8A0071D368 /* IQAssetsPickerShadowView.m in Sources */ = {isa = PBXBuildFile; fileRef = C0ACF14019A8BD8A0071D368 /* IQAssetsPickerShadowView.m */; };
		C0ACF19319A8BD8A0071D368 /* IQCheckmarkView.m in Sources */ = {isa = PBXBuildFile; fileRef = C0ACF14219A8BD8A0071D368 /* IQCheckmarkView.m */; };
		C0ACF19419A8BD8A0071D368 /* IQAssetsPickerController.m in Sources */ = {isa = PBXBuildFile; fileRef = C0ACF14419A8BD8A0071D368 /* IQAssetsPickerController.m */; };
		C0ACF19519A8BD8A0071D368 /* IQAudioPickerController.m in Sources */ = {isa = PBXBuildFile; fileRef = C0ACF14719A8BD8A0071D368 /* IQAudioPickerController.m */; };
		C0ACF19619A8BD8A0071D368 /* IQAudioPickerController.xcassets in Resources */ = {isa = PBXBuildFile; fileRef = C0ACF14819A8BD8A0071D368 /* IQAudioPickerController.xcassets */; };
		C0ACF19719A8BD8A0071D368 /* IQAudioPickerUtility.m in Sources */ = {isa = PBXBuildFile; fileRef = C0ACF14B19A8BD8A0071D368 /* IQAudioPickerUtility.m */; };
		C0ACF19819A8BD8A0071D368 /* IQAudioPickerShadowView.m in Sources */ = {isa = PBXBuildFile; fileRef = C0ACF14F19A8BD8A0071D368 /* IQAudioPickerShadowView.m */; };
		C0ACF19919A8BD8A0071D368 /* IQSongsAlbumViewCell.m in Sources */ = {isa = PBXBuildFile; fileRef = C0ACF15219A8BD8A0071D368 /* IQSongsAlbumViewCell.m */; };
		C0ACF19A19A8BD8A0071D368 /* IQSongsCell.m in Sources */ = {isa = PBXBuildFile; fileRef = C0ACF15419A8BD8A0071D368 /* IQSongsCell.m */; };
		C0ACF19B19A8BD8A0071D368 /* IQSongsListTableHeaderView.m in Sources */ = {isa = PBXBuildFile; fileRef = C0ACF15719A8BD8A0071D368 /* IQSongsListTableHeaderView.m */; };
		C0ACF19C19A8BD8A0071D368 /* IQSongsAlbumListViewController.m in Sources */ = {isa = PBXBuildFile; fileRef = C0ACF15919A8BD8A0071D368 /* IQSongsAlbumListViewController.m */; };
		C0ACF19D19A8BD8A0071D368 /* IQSongsArtistListViewController.m in Sources */ = {isa = PBXBuildFile; fileRef = C0ACF15B19A8BD8A0071D368 /* IQSongsArtistListViewController.m */; };
		C0ACF19E19A8BD8A0071D368 /* IQSongsCompilationsViewController.m in Sources */ = {isa = PBXBuildFile; fileRef = C0ACF15D19A8BD8A0071D368 /* IQSongsCompilationsViewController.m */; };
		C0ACF19F19A8BD8A0071D368 /* IQSongsComposersViewController.m in Sources */ = {isa = PBXBuildFile; fileRef = C0ACF15F19A8BD8A0071D368 /* IQSongsComposersViewController.m */; };
		C0ACF1A019A8BD8A0071D368 /* IQSongsGenreViewController.m in Sources */ = {isa = PBXBuildFile; fileRef = C0ACF16119A8BD8A0071D368 /* IQSongsGenreViewController.m */; };
		C0ACF1A119A8BD8A0071D368 /* IQSongsListViewController.m in Sources */ = {isa = PBXBuildFile; fileRef = C0ACF16319A8BD8A0071D368 /* IQSongsListViewController.m */; };
		C0ACF1A219A8BD8A0071D368 /* IQSongsPlaylistViewController.m in Sources */ = {isa = PBXBuildFile; fileRef = C0ACF16519A8BD8A0071D368 /* IQSongsPlaylistViewController.m */; };
		C0ACF1A319A8BD8A0071D368 /* IQMediaCaptureController.m in Sources */ = {isa = PBXBuildFile; fileRef = C0ACF16819A8BD8A0071D368 /* IQMediaCaptureController.m */; };
		C0ACF1A519A8BD8A0071D368 /* IQAudioSession.m in Sources */ = {isa = PBXBuildFile; fileRef = C0ACF16E19A8BD8A0071D368 /* IQAudioSession.m */; };
		C0ACF1A619A8BD8A0071D368 /* IQCaptureSession.m in Sources */ = {isa = PBXBuildFile; fileRef = C0ACF17019A8BD8A0071D368 /* IQCaptureSession.m */; };
		C0ACF1A719A8BD8A0071D368 /* IQFileManager.m in Sources */ = {isa = PBXBuildFile; fileRef = C0ACF17319A8BD8A0071D368 /* IQFileManager.m */; };
		C0ACF1A819A8BD8A0071D368 /* IQBottomContainerView.m in Sources */ = {isa = PBXBuildFile; fileRef = C0ACF17719A8BD8A0071D368 /* IQBottomContainerView.m */; };
		C0ACF1A919A8BD8A0071D368 /* IQFeatureOverlay.m in Sources */ = {isa = PBXBuildFile; fileRef = C0ACF17B19A8BD8A0071D368 /* IQFeatureOverlay.m */; };
		C0ACF1AA19A8BD8A0071D368 /* IQMediaView.m in Sources */ = {isa = PBXBuildFile; fileRef = C0ACF17D19A8BD8A0071D368 /* IQMediaView.m */; };
		C0ACF1AB19A8BD8A0071D368 /* IQPartitionBar.m in Sources */ = {isa = PBXBuildFile; fileRef = C0ACF18019A8BD8A0071D368 /* IQPartitionBar.m */; };
		C0ACF1AC19A8BD8A0071D368 /* IQPartitionView.m in Sources */ = {isa = PBXBuildFile; fileRef = C0ACF18219A8BD8A0071D368 /* IQPartitionView.m */; };
		C0ACF1AD19A8BD8A0071D368 /* IQ_DPMeterView.m in Sources */ = {isa = PBXBuildFile; fileRef = C0ACF18619A8BD8A0071D368 /* IQ_DPMeterView.m */; };
		C0ACF1AE19A8BD8A0071D368 /* mic.svg in Resources */ = {isa = PBXBuildFile; fileRef = C0ACF18819A8BD8A0071D368 /* mic.svg */; };
		C0ACF1AF19A8BD8A0071D368 /* IQ_PocketSVG.m in Sources */ = {isa = PBXBuildFile; fileRef = C0ACF18A19A8BD8A0071D368 /* IQ_PocketSVG.m */; };
		C0ACF1B019A8BD8A0071D368 /* IQMediaPickerController.m in Sources */ = {isa = PBXBuildFile; fileRef = C0ACF18C19A8BD8A0071D368 /* IQMediaPickerController.m */; };
		C0ACF1B119A8BD8A0071D368 /* IQMediaPickerControllerConstants.m in Sources */ = {isa = PBXBuildFile; fileRef = C0ACF18E19A8BD8A0071D368 /* IQMediaPickerControllerConstants.m */; };
		C0AEE56519A8FA5700879C17 /* AudioTableViewCell.m in Sources */ = {isa = PBXBuildFile; fileRef = C0AEE56419A8FA5700879C17 /* AudioTableViewCell.m */; };
		C0AEE56819A8FA6400879C17 /* VideoTableViewCell.m in Sources */ = {isa = PBXBuildFile; fileRef = C0AEE56719A8FA6400879C17 /* VideoTableViewCell.m */; };
		C0AEE56B19A8FA6E00879C17 /* PhotoTableViewCell.m in Sources */ = {isa = PBXBuildFile; fileRef = C0AEE56A19A8FA6E00879C17 /* PhotoTableViewCell.m */; };
/* End PBXBuildFile section */

/* Begin PBXContainerItemProxy section */
		C035C24419A8B5BE0072C2C0 /* PBXContainerItemProxy */ = {
			isa = PBXContainerItemProxy;
			containerPortal = C035C21319A8B5BE0072C2C0 /* Project object */;
			proxyType = 1;
			remoteGlobalIDString = C035C21A19A8B5BE0072C2C0;
			remoteInfo = MediaPickerController;
		};
/* End PBXContainerItemProxy section */

/* Begin PBXFileReference section */
		C035C21B19A8B5BE0072C2C0 /* MediaPickerController.app */ = {isa = PBXFileReference; explicitFileType = wrapper.application; includeInIndex = 0; path = MediaPickerController.app; sourceTree = BUILT_PRODUCTS_DIR; };
		C035C21E19A8B5BE0072C2C0 /* Foundation.framework */ = {isa = PBXFileReference; lastKnownFileType = wrapper.framework; name = Foundation.framework; path = System/Library/Frameworks/Foundation.framework; sourceTree = SDKROOT; };
		C035C22019A8B5BE0072C2C0 /* CoreGraphics.framework */ = {isa = PBXFileReference; lastKnownFileType = wrapper.framework; name = CoreGraphics.framework; path = System/Library/Frameworks/CoreGraphics.framework; sourceTree = SDKROOT; };
		C035C22219A8B5BE0072C2C0 /* UIKit.framework */ = {isa = PBXFileReference; lastKnownFileType = wrapper.framework; name = UIKit.framework; path = System/Library/Frameworks/UIKit.framework; sourceTree = SDKROOT; };
		C035C22619A8B5BE0072C2C0 /* MediaPickerController-Info.plist */ = {isa = PBXFileReference; lastKnownFileType = text.plist.xml; path = "MediaPickerController-Info.plist"; sourceTree = "<group>"; };
		C035C22819A8B5BE0072C2C0 /* en */ = {isa = PBXFileReference; lastKnownFileType = text.plist.strings; name = en; path = en.lproj/InfoPlist.strings; sourceTree = "<group>"; };
		C035C22A19A8B5BE0072C2C0 /* main.m */ = {isa = PBXFileReference; lastKnownFileType = sourcecode.c.objc; path = main.m; sourceTree = "<group>"; };
		C035C22C19A8B5BE0072C2C0 /* MediaPickerController-Prefix.pch */ = {isa = PBXFileReference; lastKnownFileType = sourcecode.c.h; path = "MediaPickerController-Prefix.pch"; sourceTree = "<group>"; };
		C035C22D19A8B5BE0072C2C0 /* AppDelegate.h */ = {isa = PBXFileReference; lastKnownFileType = sourcecode.c.h; path = AppDelegate.h; sourceTree = "<group>"; };
		C035C22E19A8B5BE0072C2C0 /* AppDelegate.m */ = {isa = PBXFileReference; lastKnownFileType = sourcecode.c.objc; path = AppDelegate.m; sourceTree = "<group>"; };
		C035C23119A8B5BE0072C2C0 /* Base */ = {isa = PBXFileReference; lastKnownFileType = file.storyboard; name = Base; path = Base.lproj/Main_iPhone.storyboard; sourceTree = "<group>"; };
		C035C23619A8B5BE0072C2C0 /* ViewController.h */ = {isa = PBXFileReference; lastKnownFileType = sourcecode.c.h; path = ViewController.h; sourceTree = "<group>"; };
		C035C23719A8B5BE0072C2C0 /* ViewController.m */ = {isa = PBXFileReference; lastKnownFileType = sourcecode.c.objc; path = ViewController.m; sourceTree = "<group>"; };
		C035C23919A8B5BE0072C2C0 /* Images.xcassets */ = {isa = PBXFileReference; lastKnownFileType = folder.assetcatalog; path = Images.xcassets; sourceTree = "<group>"; };
		C035C23F19A8B5BE0072C2C0 /* MediaPickerControllerTests.xctest */ = {isa = PBXFileReference; explicitFileType = wrapper.cfbundle; includeInIndex = 0; path = MediaPickerControllerTests.xctest; sourceTree = BUILT_PRODUCTS_DIR; };
		C035C24019A8B5BE0072C2C0 /* XCTest.framework */ = {isa = PBXFileReference; lastKnownFileType = wrapper.framework; name = XCTest.framework; path = Library/Frameworks/XCTest.framework; sourceTree = DEVELOPER_DIR; };
		C035C24819A8B5BE0072C2C0 /* MediaPickerControllerTests-Info.plist */ = {isa = PBXFileReference; lastKnownFileType = text.plist.xml; path = "MediaPickerControllerTests-Info.plist"; sourceTree = "<group>"; };
		C035C24A19A8B5BE0072C2C0 /* en */ = {isa = PBXFileReference; lastKnownFileType = text.plist.strings; name = en; path = en.lproj/InfoPlist.strings; sourceTree = "<group>"; };
		C035C24C19A8B5BE0072C2C0 /* MediaPickerControllerTests.m */ = {isa = PBXFileReference; lastKnownFileType = sourcecode.c.objc; path = MediaPickerControllerTests.m; sourceTree = "<group>"; };
		C0A8487B19A91F14005E5BCE /* IQMediaCaptureController.xcassets */ = {isa = PBXFileReference; lastKnownFileType = folder.assetcatalog; path = IQMediaCaptureController.xcassets; sourceTree = "<group>"; };
		C0ACF13719A8BD8A0071D368 /* IQAlbumAssetsViewController.h */ = {isa = PBXFileReference; fileEncoding = 4; lastKnownFileType = sourcecode.c.h; path = IQAlbumAssetsViewController.h; sourceTree = "<group>"; };
		C0ACF13819A8BD8A0071D368 /* IQAlbumAssetsViewController.m */ = {isa = PBXFileReference; fileEncoding = 4; lastKnownFileType = sourcecode.c.objc; path = IQAlbumAssetsViewController.m; sourceTree = "<group>"; };
		C0ACF13A19A8BD8A0071D368 /* IQAssetsAlbumViewCell.h */ = {isa = PBXFileReference; fileEncoding = 4; lastKnownFileType = sourcecode.c.h; path = IQAssetsAlbumViewCell.h; sourceTree = "<group>"; };
		C0ACF13B19A8BD8A0071D368 /* IQAssetsAlbumViewCell.m */ = {isa = PBXFileReference; fileEncoding = 4; lastKnownFileType = sourcecode.c.objc; path = IQAssetsAlbumViewCell.m; sourceTree = "<group>"; };
		C0ACF13C19A8BD8A0071D368 /* IQAssetsCell.h */ = {isa = PBXFileReference; fileEncoding = 4; lastKnownFileType = sourcecode.c.h; path = IQAssetsCell.h; sourceTree = "<group>"; };
		C0ACF13D19A8BD8A0071D368 /* IQAssetsCell.m */ = {isa = PBXFileReference; fileEncoding = 4; lastKnownFileType = sourcecode.c.objc; path = IQAssetsCell.m; sourceTree = "<group>"; };
		C0ACF13F19A8BD8A0071D368 /* IQAssetsPickerShadowView.h */ = {isa = PBXFileReference; fileEncoding = 4; lastKnownFileType = sourcecode.c.h; path = IQAssetsPickerShadowView.h; sourceTree = "<group>"; };
		C0ACF14019A8BD8A0071D368 /* IQAssetsPickerShadowView.m */ = {isa = PBXFileReference; fileEncoding = 4; lastKnownFileType = sourcecode.c.objc; path = IQAssetsPickerShadowView.m; sourceTree = "<group>"; };
		C0ACF14119A8BD8A0071D368 /* IQCheckmarkView.h */ = {isa = PBXFileReference; fileEncoding = 4; lastKnownFileType = sourcecode.c.h; path = IQCheckmarkView.h; sourceTree = "<group>"; };
		C0ACF14219A8BD8A0071D368 /* IQCheckmarkView.m */ = {isa = PBXFileReference; fileEncoding = 4; lastKnownFileType = sourcecode.c.objc; path = IQCheckmarkView.m; sourceTree = "<group>"; };
		C0ACF14319A8BD8A0071D368 /* IQAssetsPickerController.h */ = {isa = PBXFileReference; fileEncoding = 4; lastKnownFileType = sourcecode.c.h; path = IQAssetsPickerController.h; sourceTree = "<group>"; };
		C0ACF14419A8BD8A0071D368 /* IQAssetsPickerController.m */ = {isa = PBXFileReference; fileEncoding = 4; lastKnownFileType = sourcecode.c.objc; path = IQAssetsPickerController.m; sourceTree = "<group>"; };
		C0ACF14619A8BD8A0071D368 /* IQAudioPickerController.h */ = {isa = PBXFileReference; fileEncoding = 4; lastKnownFileType = sourcecode.c.h; path = IQAudioPickerController.h; sourceTree = "<group>"; };
		C0ACF14719A8BD8A0071D368 /* IQAudioPickerController.m */ = {isa = PBXFileReference; fileEncoding = 4; lastKnownFileType = sourcecode.c.objc; path = IQAudioPickerController.m; sourceTree = "<group>"; };
		C0ACF14819A8BD8A0071D368 /* IQAudioPickerController.xcassets */ = {isa = PBXFileReference; lastKnownFileType = folder.assetcatalog; path = IQAudioPickerController.xcassets; sourceTree = "<group>"; };
		C0ACF14A19A8BD8A0071D368 /* IQAudioPickerUtility.h */ = {isa = PBXFileReference; fileEncoding = 4; lastKnownFileType = sourcecode.c.h; path = IQAudioPickerUtility.h; sourceTree = "<group>"; };
		C0ACF14B19A8BD8A0071D368 /* IQAudioPickerUtility.m */ = {isa = PBXFileReference; fileEncoding = 4; lastKnownFileType = sourcecode.c.objc; path = IQAudioPickerUtility.m; sourceTree = "<group>"; };
		C0ACF14E19A8BD8A0071D368 /* IQAudioPickerShadowView.h */ = {isa = PBXFileReference; fileEncoding = 4; lastKnownFileType = sourcecode.c.h; path = IQAudioPickerShadowView.h; sourceTree = "<group>"; };
		C0ACF14F19A8BD8A0071D368 /* IQAudioPickerShadowView.m */ = {isa = PBXFileReference; fileEncoding = 4; lastKnownFileType = sourcecode.c.objc; path = IQAudioPickerShadowView.m; sourceTree = "<group>"; };
		C0ACF15119A8BD8A0071D368 /* IQSongsAlbumViewCell.h */ = {isa = PBXFileReference; fileEncoding = 4; lastKnownFileType = sourcecode.c.h; path = IQSongsAlbumViewCell.h; sourceTree = "<group>"; };
		C0ACF15219A8BD8A0071D368 /* IQSongsAlbumViewCell.m */ = {isa = PBXFileReference; fileEncoding = 4; lastKnownFileType = sourcecode.c.objc; path = IQSongsAlbumViewCell.m; sourceTree = "<group>"; };
		C0ACF15319A8BD8A0071D368 /* IQSongsCell.h */ = {isa = PBXFileReference; fileEncoding = 4; lastKnownFileType = sourcecode.c.h; path = IQSongsCell.h; sourceTree = "<group>"; };
		C0ACF15419A8BD8A0071D368 /* IQSongsCell.m */ = {isa = PBXFileReference; fileEncoding = 4; lastKnownFileType = sourcecode.c.objc; path = IQSongsCell.m; sourceTree = "<group>"; };
		C0ACF15619A8BD8A0071D368 /* IQSongsListTableHeaderView.h */ = {isa = PBXFileReference; fileEncoding = 4; lastKnownFileType = sourcecode.c.h; path = IQSongsListTableHeaderView.h; sourceTree = "<group>"; };
		C0ACF15719A8BD8A0071D368 /* IQSongsListTableHeaderView.m */ = {isa = PBXFileReference; fileEncoding = 4; lastKnownFileType = sourcecode.c.objc; path = IQSongsListTableHeaderView.m; sourceTree = "<group>"; };
		C0ACF15819A8BD8A0071D368 /* IQSongsAlbumListViewController.h */ = {isa = PBXFileReference; fileEncoding = 4; lastKnownFileType = sourcecode.c.h; path = IQSongsAlbumListViewController.h; sourceTree = "<group>"; };
		C0ACF15919A8BD8A0071D368 /* IQSongsAlbumListViewController.m */ = {isa = PBXFileReference; fileEncoding = 4; lastKnownFileType = sourcecode.c.objc; path = IQSongsAlbumListViewController.m; sourceTree = "<group>"; };
		C0ACF15A19A8BD8A0071D368 /* IQSongsArtistListViewController.h */ = {isa = PBXFileReference; fileEncoding = 4; lastKnownFileType = sourcecode.c.h; path = IQSongsArtistListViewController.h; sourceTree = "<group>"; };
		C0ACF15B19A8BD8A0071D368 /* IQSongsArtistListViewController.m */ = {isa = PBXFileReference; fileEncoding = 4; lastKnownFileType = sourcecode.c.objc; path = IQSongsArtistListViewController.m; sourceTree = "<group>"; };
		C0ACF15C19A8BD8A0071D368 /* IQSongsCompilationsViewController.h */ = {isa = PBXFileReference; fileEncoding = 4; lastKnownFileType = sourcecode.c.h; path = IQSongsCompilationsViewController.h; sourceTree = "<group>"; };
		C0ACF15D19A8BD8A0071D368 /* IQSongsCompilationsViewController.m */ = {isa = PBXFileReference; fileEncoding = 4; lastKnownFileType = sourcecode.c.objc; path = IQSongsCompilationsViewController.m; sourceTree = "<group>"; };
		C0ACF15E19A8BD8A0071D368 /* IQSongsComposersViewController.h */ = {isa = PBXFileReference; fileEncoding = 4; lastKnownFileType = sourcecode.c.h; path = IQSongsComposersViewController.h; sourceTree = "<group>"; };
		C0ACF15F19A8BD8A0071D368 /* IQSongsComposersViewController.m */ = {isa = PBXFileReference; fileEncoding = 4; lastKnownFileType = sourcecode.c.objc; path = IQSongsComposersViewController.m; sourceTree = "<group>"; };
		C0ACF16019A8BD8A0071D368 /* IQSongsGenreViewController.h */ = {isa = PBXFileReference; fileEncoding = 4; lastKnownFileType = sourcecode.c.h; path = IQSongsGenreViewController.h; sourceTree = "<group>"; };
		C0ACF16119A8BD8A0071D368 /* IQSongsGenreViewController.m */ = {isa = PBXFileReference; fileEncoding = 4; lastKnownFileType = sourcecode.c.objc; path = IQSongsGenreViewController.m; sourceTree = "<group>"; };
		C0ACF16219A8BD8A0071D368 /* IQSongsListViewController.h */ = {isa = PBXFileReference; fileEncoding = 4; lastKnownFileType = sourcecode.c.h; path = IQSongsListViewController.h; sourceTree = "<group>"; };
		C0ACF16319A8BD8A0071D368 /* IQSongsListViewController.m */ = {isa = PBXFileReference; fileEncoding = 4; lastKnownFileType = sourcecode.c.objc; path = IQSongsListViewController.m; sourceTree = "<group>"; };
		C0ACF16419A8BD8A0071D368 /* IQSongsPlaylistViewController.h */ = {isa = PBXFileReference; fileEncoding = 4; lastKnownFileType = sourcecode.c.h; path = IQSongsPlaylistViewController.h; sourceTree = "<group>"; };
		C0ACF16519A8BD8A0071D368 /* IQSongsPlaylistViewController.m */ = {isa = PBXFileReference; fileEncoding = 4; lastKnownFileType = sourcecode.c.objc; path = IQSongsPlaylistViewController.m; sourceTree = "<group>"; };
		C0ACF16719A8BD8A0071D368 /* IQMediaCaptureController.h */ = {isa = PBXFileReference; fileEncoding = 4; lastKnownFileType = sourcecode.c.h; path = IQMediaCaptureController.h; sourceTree = "<group>"; };
		C0ACF16819A8BD8A0071D368 /* IQMediaCaptureController.m */ = {isa = PBXFileReference; fileEncoding = 4; lastKnownFileType = sourcecode.c.objc; path = IQMediaCaptureController.m; sourceTree = "<group>"; };
		C0ACF16D19A8BD8A0071D368 /* IQAudioSession.h */ = {isa = PBXFileReference; fileEncoding = 4; lastKnownFileType = sourcecode.c.h; path = IQAudioSession.h; sourceTree = "<group>"; };
		C0ACF16E19A8BD8A0071D368 /* IQAudioSession.m */ = {isa = PBXFileReference; fileEncoding = 4; lastKnownFileType = sourcecode.c.objc; path = IQAudioSession.m; sourceTree = "<group>"; };
		C0ACF16F19A8BD8A0071D368 /* IQCaptureSession.h */ = {isa = PBXFileReference; fileEncoding = 4; lastKnownFileType = sourcecode.c.h; path = IQCaptureSession.h; sourceTree = "<group>"; };
		C0ACF17019A8BD8A0071D368 /* IQCaptureSession.m */ = {isa = PBXFileReference; fileEncoding = 4; lastKnownFileType = sourcecode.c.objc; path = IQCaptureSession.m; sourceTree = "<group>"; };
		C0ACF17219A8BD8A0071D368 /* IQFileManager.h */ = {isa = PBXFileReference; fileEncoding = 4; lastKnownFileType = sourcecode.c.h; path = IQFileManager.h; sourceTree = "<group>"; };
		C0ACF17319A8BD8A0071D368 /* IQFileManager.m */ = {isa = PBXFileReference; fileEncoding = 4; lastKnownFileType = sourcecode.c.objc; path = IQFileManager.m; sourceTree = "<group>"; };
		C0ACF17619A8BD8A0071D368 /* IQBottomContainerView.h */ = {isa = PBXFileReference; fileEncoding = 4; lastKnownFileType = sourcecode.c.h; path = IQBottomContainerView.h; sourceTree = "<group>"; };
		C0ACF17719A8BD8A0071D368 /* IQBottomContainerView.m */ = {isa = PBXFileReference; fileEncoding = 4; lastKnownFileType = sourcecode.c.objc; path = IQBottomContainerView.m; sourceTree = "<group>"; };
		C0ACF17A19A8BD8A0071D368 /* IQFeatureOverlay.h */ = {isa = PBXFileReference; fileEncoding = 4; lastKnownFileType = sourcecode.c.h; path = IQFeatureOverlay.h; sourceTree = "<group>"; };
		C0ACF17B19A8BD8A0071D368 /* IQFeatureOverlay.m */ = {isa = PBXFileReference; fileEncoding = 4; lastKnownFileType = sourcecode.c.objc; path = IQFeatureOverlay.m; sourceTree = "<group>"; };
		C0ACF17C19A8BD8A0071D368 /* IQMediaView.h */ = {isa = PBXFileReference; fileEncoding = 4; lastKnownFileType = sourcecode.c.h; path = IQMediaView.h; sourceTree = "<group>"; };
		C0ACF17D19A8BD8A0071D368 /* IQMediaView.m */ = {isa = PBXFileReference; fileEncoding = 4; lastKnownFileType = sourcecode.c.objc; path = IQMediaView.m; sourceTree = "<group>"; };
		C0ACF17F19A8BD8A0071D368 /* IQPartitionBar.h */ = {isa = PBXFileReference; fileEncoding = 4; lastKnownFileType = sourcecode.c.h; path = IQPartitionBar.h; sourceTree = "<group>"; };
		C0ACF18019A8BD8A0071D368 /* IQPartitionBar.m */ = {isa = PBXFileReference; fileEncoding = 4; lastKnownFileType = sourcecode.c.objc; path = IQPartitionBar.m; sourceTree = "<group>"; };
		C0ACF18119A8BD8A0071D368 /* IQPartitionView.h */ = {isa = PBXFileReference; fileEncoding = 4; lastKnownFileType = sourcecode.c.h; path = IQPartitionView.h; sourceTree = "<group>"; };
		C0ACF18219A8BD8A0071D368 /* IQPartitionView.m */ = {isa = PBXFileReference; fileEncoding = 4; lastKnownFileType = sourcecode.c.objc; path = IQPartitionView.m; sourceTree = "<group>"; };
		C0ACF18519A8BD8A0071D368 /* IQ_DPMeterView.h */ = {isa = PBXFileReference; fileEncoding = 4; lastKnownFileType = sourcecode.c.h; path = IQ_DPMeterView.h; sourceTree = "<group>"; };
		C0ACF18619A8BD8A0071D368 /* IQ_DPMeterView.m */ = {isa = PBXFileReference; fileEncoding = 4; lastKnownFileType = sourcecode.c.objc; path = IQ_DPMeterView.m; sourceTree = "<group>"; };
		C0ACF18819A8BD8A0071D368 /* mic.svg */ = {isa = PBXFileReference; fileEncoding = 4; lastKnownFileType = text.xml; path = mic.svg; sourceTree = "<group>"; };
		C0ACF18919A8BD8A0071D368 /* IQ_PocketSVG.h */ = {isa = PBXFileReference; fileEncoding = 4; lastKnownFileType = sourcecode.c.h; path = IQ_PocketSVG.h; sourceTree = "<group>"; };
		C0ACF18A19A8BD8A0071D368 /* IQ_PocketSVG.m */ = {isa = PBXFileReference; fileEncoding = 4; lastKnownFileType = sourcecode.c.objc; path = IQ_PocketSVG.m; sourceTree = "<group>"; };
		C0ACF18B19A8BD8A0071D368 /* IQMediaPickerController.h */ = {isa = PBXFileReference; fileEncoding = 4; lastKnownFileType = sourcecode.c.h; path = IQMediaPickerController.h; sourceTree = "<group>"; };
		C0ACF18C19A8BD8A0071D368 /* IQMediaPickerController.m */ = {isa = PBXFileReference; fileEncoding = 4; lastKnownFileType = sourcecode.c.objc; path = IQMediaPickerController.m; sourceTree = "<group>"; };
		C0ACF18D19A8BD8A0071D368 /* IQMediaPickerControllerConstants.h */ = {isa = PBXFileReference; fileEncoding = 4; lastKnownFileType = sourcecode.c.h; path = IQMediaPickerControllerConstants.h; sourceTree = "<group>"; };
		C0ACF18E19A8BD8A0071D368 /* IQMediaPickerControllerConstants.m */ = {isa = PBXFileReference; fileEncoding = 4; lastKnownFileType = sourcecode.c.objc; path = IQMediaPickerControllerConstants.m; sourceTree = "<group>"; };
		C0AEE56319A8FA5700879C17 /* AudioTableViewCell.h */ = {isa = PBXFileReference; fileEncoding = 4; lastKnownFileType = sourcecode.c.h; path = AudioTableViewCell.h; sourceTree = "<group>"; };
		C0AEE56419A8FA5700879C17 /* AudioTableViewCell.m */ = {isa = PBXFileReference; fileEncoding = 4; lastKnownFileType = sourcecode.c.objc; path = AudioTableViewCell.m; sourceTree = "<group>"; };
		C0AEE56619A8FA6400879C17 /* VideoTableViewCell.h */ = {isa = PBXFileReference; fileEncoding = 4; lastKnownFileType = sourcecode.c.h; path = VideoTableViewCell.h; sourceTree = "<group>"; };
		C0AEE56719A8FA6400879C17 /* VideoTableViewCell.m */ = {isa = PBXFileReference; fileEncoding = 4; lastKnownFileType = sourcecode.c.objc; path = VideoTableViewCell.m; sourceTree = "<group>"; };
		C0AEE56919A8FA6E00879C17 /* PhotoTableViewCell.h */ = {isa = PBXFileReference; fileEncoding = 4; lastKnownFileType = sourcecode.c.h; path = PhotoTableViewCell.h; sourceTree = "<group>"; };
		C0AEE56A19A8FA6E00879C17 /* PhotoTableViewCell.m */ = {isa = PBXFileReference; fileEncoding = 4; lastKnownFileType = sourcecode.c.objc; path = PhotoTableViewCell.m; sourceTree = "<group>"; };
/* End PBXFileReference section */

/* Begin PBXFrameworksBuildPhase section */
		C035C21819A8B5BE0072C2C0 /* Frameworks */ = {
			isa = PBXFrameworksBuildPhase;
			buildActionMask = 2147483647;
			files = (
				C035C22119A8B5BE0072C2C0 /* CoreGraphics.framework in Frameworks */,
				C035C22319A8B5BE0072C2C0 /* UIKit.framework in Frameworks */,
				C035C21F19A8B5BE0072C2C0 /* Foundation.framework in Frameworks */,
			);
			runOnlyForDeploymentPostprocessing = 0;
		};
		C035C23C19A8B5BE0072C2C0 /* Frameworks */ = {
			isa = PBXFrameworksBuildPhase;
			buildActionMask = 2147483647;
			files = (
				C035C24119A8B5BE0072C2C0 /* XCTest.framework in Frameworks */,
				C035C24319A8B5BE0072C2C0 /* UIKit.framework in Frameworks */,
				C035C24219A8B5BE0072C2C0 /* Foundation.framework in Frameworks */,
			);
			runOnlyForDeploymentPostprocessing = 0;
		};
/* End PBXFrameworksBuildPhase section */

/* Begin PBXGroup section */
		C035C21219A8B5BE0072C2C0 = {
			isa = PBXGroup;
			children = (
				C0ACF13519A8BD8A0071D368 /* IQMediaPickerController */,
				C035C22419A8B5BE0072C2C0 /* MediaPickerController */,
				C035C24619A8B5BE0072C2C0 /* MediaPickerControllerTests */,
				C035C21D19A8B5BE0072C2C0 /* Frameworks */,
				C035C21C19A8B5BE0072C2C0 /* Products */,
			);
			sourceTree = "<group>";
		};
		C035C21C19A8B5BE0072C2C0 /* Products */ = {
			isa = PBXGroup;
			children = (
				C035C21B19A8B5BE0072C2C0 /* MediaPickerController.app */,
				C035C23F19A8B5BE0072C2C0 /* MediaPickerControllerTests.xctest */,
			);
			name = Products;
			sourceTree = "<group>";
		};
		C035C21D19A8B5BE0072C2C0 /* Frameworks */ = {
			isa = PBXGroup;
			children = (
				C035C21E19A8B5BE0072C2C0 /* Foundation.framework */,
				C035C22019A8B5BE0072C2C0 /* CoreGraphics.framework */,
				C035C22219A8B5BE0072C2C0 /* UIKit.framework */,
				C035C24019A8B5BE0072C2C0 /* XCTest.framework */,
			);
			name = Frameworks;
			sourceTree = "<group>";
		};
		C035C22419A8B5BE0072C2C0 /* MediaPickerController */ = {
			isa = PBXGroup;
			children = (
				C035C22D19A8B5BE0072C2C0 /* AppDelegate.h */,
				C035C22E19A8B5BE0072C2C0 /* AppDelegate.m */,
				C035C23019A8B5BE0072C2C0 /* Main_iPhone.storyboard */,
				C035C23619A8B5BE0072C2C0 /* ViewController.h */,
				C035C23719A8B5BE0072C2C0 /* ViewController.m */,
				C0AEE56319A8FA5700879C17 /* AudioTableViewCell.h */,
				C0AEE56419A8FA5700879C17 /* AudioTableViewCell.m */,
				C0AEE56619A8FA6400879C17 /* VideoTableViewCell.h */,
				C0AEE56719A8FA6400879C17 /* VideoTableViewCell.m */,
				C0AEE56919A8FA6E00879C17 /* PhotoTableViewCell.h */,
				C0AEE56A19A8FA6E00879C17 /* PhotoTableViewCell.m */,
				C035C23919A8B5BE0072C2C0 /* Images.xcassets */,
				C035C22519A8B5BE0072C2C0 /* Supporting Files */,
			);
			path = MediaPickerController;
			sourceTree = "<group>";
		};
		C035C22519A8B5BE0072C2C0 /* Supporting Files */ = {
			isa = PBXGroup;
			children = (
				C035C22619A8B5BE0072C2C0 /* MediaPickerController-Info.plist */,
				C035C22719A8B5BE0072C2C0 /* InfoPlist.strings */,
				C035C22A19A8B5BE0072C2C0 /* main.m */,
				C035C22C19A8B5BE0072C2C0 /* MediaPickerController-Prefix.pch */,
			);
			name = "Supporting Files";
			sourceTree = "<group>";
		};
		C035C24619A8B5BE0072C2C0 /* MediaPickerControllerTests */ = {
			isa = PBXGroup;
			children = (
				C035C24C19A8B5BE0072C2C0 /* MediaPickerControllerTests.m */,
				C035C24719A8B5BE0072C2C0 /* Supporting Files */,
			);
			path = MediaPickerControllerTests;
			sourceTree = "<group>";
		};
		C035C24719A8B5BE0072C2C0 /* Supporting Files */ = {
			isa = PBXGroup;
			children = (
				C035C24819A8B5BE0072C2C0 /* MediaPickerControllerTests-Info.plist */,
				C035C24919A8B5BE0072C2C0 /* InfoPlist.strings */,
			);
			name = "Supporting Files";
			sourceTree = "<group>";
		};
		C0ACF13519A8BD8A0071D368 /* IQMediaPickerController */ = {
			isa = PBXGroup;
			children = (
				C0ACF13619A8BD8A0071D368 /* IQAssetsPickerController */,
				C0ACF14519A8BD8A0071D368 /* IQAudioPickerController */,
				C0ACF16619A8BD8A0071D368 /* IQMediaCaptureController */,
				C0ACF18B19A8BD8A0071D368 /* IQMediaPickerController.h */,
				C0ACF18C19A8BD8A0071D368 /* IQMediaPickerController.m */,
				C0ACF18D19A8BD8A0071D368 /* IQMediaPickerControllerConstants.h */,
				C0ACF18E19A8BD8A0071D368 /* IQMediaPickerControllerConstants.m */,
			);
			path = IQMediaPickerController;
			sourceTree = "<group>";
		};
		C0ACF13619A8BD8A0071D368 /* IQAssetsPickerController */ = {
			isa = PBXGroup;
			children = (
				C0ACF13719A8BD8A0071D368 /* IQAlbumAssetsViewController.h */,
				C0ACF13819A8BD8A0071D368 /* IQAlbumAssetsViewController.m */,
				C0ACF13919A8BD8A0071D368 /* IQAssetPickerCell */,
				C0ACF13E19A8BD8A0071D368 /* IQAssetPickerView */,
				C0ACF14319A8BD8A0071D368 /* IQAssetsPickerController.h */,
				C0ACF14419A8BD8A0071D368 /* IQAssetsPickerController.m */,
			);
			path = IQAssetsPickerController;
			sourceTree = "<group>";
		};
		C0ACF13919A8BD8A0071D368 /* IQAssetPickerCell */ = {
			isa = PBXGroup;
			children = (
				C0ACF13A19A8BD8A0071D368 /* IQAssetsAlbumViewCell.h */,
				C0ACF13B19A8BD8A0071D368 /* IQAssetsAlbumViewCell.m */,
				C0ACF13C19A8BD8A0071D368 /* IQAssetsCell.h */,
				C0ACF13D19A8BD8A0071D368 /* IQAssetsCell.m */,
			);
			path = IQAssetPickerCell;
			sourceTree = "<group>";
		};
		C0ACF13E19A8BD8A0071D368 /* IQAssetPickerView */ = {
			isa = PBXGroup;
			children = (
				C0ACF13F19A8BD8A0071D368 /* IQAssetsPickerShadowView.h */,
				C0ACF14019A8BD8A0071D368 /* IQAssetsPickerShadowView.m */,
				C0ACF14119A8BD8A0071D368 /* IQCheckmarkView.h */,
				C0ACF14219A8BD8A0071D368 /* IQCheckmarkView.m */,
			);
			path = IQAssetPickerView;
			sourceTree = "<group>";
		};
		C0ACF14519A8BD8A0071D368 /* IQAudioPickerController */ = {
			isa = PBXGroup;
			children = (
				C0ACF14619A8BD8A0071D368 /* IQAudioPickerController.h */,
				C0ACF14719A8BD8A0071D368 /* IQAudioPickerController.m */,
				C0ACF14819A8BD8A0071D368 /* IQAudioPickerController.xcassets */,
				C0ACF14919A8BD8A0071D368 /* IQAudioPickerUtility */,
				C0ACF14C19A8BD8A0071D368 /* IQAudioPIckerViewControllers */,
			);
			path = IQAudioPickerController;
			sourceTree = "<group>";
		};
		C0ACF14919A8BD8A0071D368 /* IQAudioPickerUtility */ = {
			isa = PBXGroup;
			children = (
				C0ACF14A19A8BD8A0071D368 /* IQAudioPickerUtility.h */,
				C0ACF14B19A8BD8A0071D368 /* IQAudioPickerUtility.m */,
			);
			path = IQAudioPickerUtility;
			sourceTree = "<group>";
		};
		C0ACF14C19A8BD8A0071D368 /* IQAudioPIckerViewControllers */ = {
			isa = PBXGroup;
			children = (
				C0ACF14D19A8BD8A0071D368 /* IQAudioCellShadowView */,
				C0ACF15019A8BD8A0071D368 /* IQAudioPickerTableViewCell */,
				C0ACF15519A8BD8A0071D368 /* IQAudioPickerTableViewHeader */,
				C0ACF15819A8BD8A0071D368 /* IQSongsAlbumListViewController.h */,
				C0ACF15919A8BD8A0071D368 /* IQSongsAlbumListViewController.m */,
				C0ACF15A19A8BD8A0071D368 /* IQSongsArtistListViewController.h */,
				C0ACF15B19A8BD8A0071D368 /* IQSongsArtistListViewController.m */,
				C0ACF15C19A8BD8A0071D368 /* IQSongsCompilationsViewController.h */,
				C0ACF15D19A8BD8A0071D368 /* IQSongsCompilationsViewController.m */,
				C0ACF15E19A8BD8A0071D368 /* IQSongsComposersViewController.h */,
				C0ACF15F19A8BD8A0071D368 /* IQSongsComposersViewController.m */,
				C0ACF16019A8BD8A0071D368 /* IQSongsGenreViewController.h */,
				C0ACF16119A8BD8A0071D368 /* IQSongsGenreViewController.m */,
				C0ACF16219A8BD8A0071D368 /* IQSongsListViewController.h */,
				C0ACF16319A8BD8A0071D368 /* IQSongsListViewController.m */,
				C0ACF16419A8BD8A0071D368 /* IQSongsPlaylistViewController.h */,
				C0ACF16519A8BD8A0071D368 /* IQSongsPlaylistViewController.m */,
			);
			path = IQAudioPIckerViewControllers;
			sourceTree = "<group>";
		};
		C0ACF14D19A8BD8A0071D368 /* IQAudioCellShadowView */ = {
			isa = PBXGroup;
			children = (
				C0ACF14E19A8BD8A0071D368 /* IQAudioPickerShadowView.h */,
				C0ACF14F19A8BD8A0071D368 /* IQAudioPickerShadowView.m */,
			);
			path = IQAudioCellShadowView;
			sourceTree = "<group>";
		};
		C0ACF15019A8BD8A0071D368 /* IQAudioPickerTableViewCell */ = {
			isa = PBXGroup;
			children = (
				C0ACF15119A8BD8A0071D368 /* IQSongsAlbumViewCell.h */,
				C0ACF15219A8BD8A0071D368 /* IQSongsAlbumViewCell.m */,
				C0ACF15319A8BD8A0071D368 /* IQSongsCell.h */,
				C0ACF15419A8BD8A0071D368 /* IQSongsCell.m */,
			);
			path = IQAudioPickerTableViewCell;
			sourceTree = "<group>";
		};
		C0ACF15519A8BD8A0071D368 /* IQAudioPickerTableViewHeader */ = {
			isa = PBXGroup;
			children = (
				C0ACF15619A8BD8A0071D368 /* IQSongsListTableHeaderView.h */,
				C0ACF15719A8BD8A0071D368 /* IQSongsListTableHeaderView.m */,
			);
			path = IQAudioPickerTableViewHeader;
			sourceTree = "<group>";
		};
		C0ACF16619A8BD8A0071D368 /* IQMediaCaptureController */ = {
			isa = PBXGroup;
			children = (
				C0ACF16719A8BD8A0071D368 /* IQMediaCaptureController.h */,
				C0ACF16819A8BD8A0071D368 /* IQMediaCaptureController.m */,
				C0A8487B19A91F14005E5BCE /* IQMediaCaptureController.xcassets */,
				C0ACF16A19A8BD8A0071D368 /* IQMediaCaptureUtility */,
				C0ACF17419A8BD8A0071D368 /* IQMediaCaptureView */,
				C0ACF18319A8BD8A0071D368 /* Third Party */,
			);
			path = IQMediaCaptureController;
			sourceTree = "<group>";
		};
		C0ACF16A19A8BD8A0071D368 /* IQMediaCaptureUtility */ = {
			isa = PBXGroup;
			children = (
				C0ACF16B19A8BD8A0071D368 /* IQCaptureSession */,
				C0ACF17119A8BD8A0071D368 /* IQFileManager */,
			);
			path = IQMediaCaptureUtility;
			sourceTree = "<group>";
		};
		C0ACF16B19A8BD8A0071D368 /* IQCaptureSession */ = {
			isa = PBXGroup;
			children = (
				C0ACF16C19A8BD8A0071D368 /* IQAudioSession */,
				C0ACF16F19A8BD8A0071D368 /* IQCaptureSession.h */,
				C0ACF17019A8BD8A0071D368 /* IQCaptureSession.m */,
			);
			path = IQCaptureSession;
			sourceTree = "<group>";
		};
		C0ACF16C19A8BD8A0071D368 /* IQAudioSession */ = {
			isa = PBXGroup;
			children = (
				C0ACF16D19A8BD8A0071D368 /* IQAudioSession.h */,
				C0ACF16E19A8BD8A0071D368 /* IQAudioSession.m */,
			);
			path = IQAudioSession;
			sourceTree = "<group>";
		};
		C0ACF17119A8BD8A0071D368 /* IQFileManager */ = {
			isa = PBXGroup;
			children = (
				C0ACF17219A8BD8A0071D368 /* IQFileManager.h */,
				C0ACF17319A8BD8A0071D368 /* IQFileManager.m */,
			);
			path = IQFileManager;
			sourceTree = "<group>";
		};
		C0ACF17419A8BD8A0071D368 /* IQMediaCaptureView */ = {
			isa = PBXGroup;
			children = (
				C0ACF17519A8BD8A0071D368 /* IQBottomContainerView */,
				C0ACF17819A8BD8A0071D368 /* IQMediaView */,
				C0ACF17E19A8BD8A0071D368 /* IQPartitionBar */,
			);
			path = IQMediaCaptureView;
			sourceTree = "<group>";
		};
		C0ACF17519A8BD8A0071D368 /* IQBottomContainerView */ = {
			isa = PBXGroup;
			children = (
				C0ACF17619A8BD8A0071D368 /* IQBottomContainerView.h */,
				C0ACF17719A8BD8A0071D368 /* IQBottomContainerView.m */,
			);
			path = IQBottomContainerView;
			sourceTree = "<group>";
		};
		C0ACF17819A8BD8A0071D368 /* IQMediaView */ = {
			isa = PBXGroup;
			children = (
				C0ACF17919A8BD8A0071D368 /* IQFeatureOverlay */,
				C0ACF17C19A8BD8A0071D368 /* IQMediaView.h */,
				C0ACF17D19A8BD8A0071D368 /* IQMediaView.m */,
			);
			path = IQMediaView;
			sourceTree = "<group>";
		};
		C0ACF17919A8BD8A0071D368 /* IQFeatureOverlay */ = {
			isa = PBXGroup;
			children = (
				C0ACF17A19A8BD8A0071D368 /* IQFeatureOverlay.h */,
				C0ACF17B19A8BD8A0071D368 /* IQFeatureOverlay.m */,
			);
			path = IQFeatureOverlay;
			sourceTree = "<group>";
		};
		C0ACF17E19A8BD8A0071D368 /* IQPartitionBar */ = {
			isa = PBXGroup;
			children = (
				C0ACF17F19A8BD8A0071D368 /* IQPartitionBar.h */,
				C0ACF18019A8BD8A0071D368 /* IQPartitionBar.m */,
				C0ACF18119A8BD8A0071D368 /* IQPartitionView.h */,
				C0ACF18219A8BD8A0071D368 /* IQPartitionView.m */,
			);
			path = IQPartitionBar;
			sourceTree = "<group>";
		};
		C0ACF18319A8BD8A0071D368 /* Third Party */ = {
			isa = PBXGroup;
			children = (
				C0ACF18419A8BD8A0071D368 /* DPMeterView */,
				C0ACF18719A8BD8A0071D368 /* PocketSVG */,
			);
			path = "Third Party";
			sourceTree = "<group>";
		};
		C0ACF18419A8BD8A0071D368 /* DPMeterView */ = {
			isa = PBXGroup;
			children = (
				C0ACF18519A8BD8A0071D368 /* IQ_DPMeterView.h */,
				C0ACF18619A8BD8A0071D368 /* IQ_DPMeterView.m */,
			);
			path = DPMeterView;
			sourceTree = "<group>";
		};
		C0ACF18719A8BD8A0071D368 /* PocketSVG */ = {
			isa = PBXGroup;
			children = (
				C0ACF18819A8BD8A0071D368 /* mic.svg */,
				C0ACF18919A8BD8A0071D368 /* IQ_PocketSVG.h */,
				C0ACF18A19A8BD8A0071D368 /* IQ_PocketSVG.m */,
			);
			path = PocketSVG;
			sourceTree = "<group>";
		};
/* End PBXGroup section */

/* Begin PBXNativeTarget section */
		C035C21A19A8B5BE0072C2C0 /* MediaPickerController */ = {
			isa = PBXNativeTarget;
			buildConfigurationList = C035C25019A8B5BE0072C2C0 /* Build configuration list for PBXNativeTarget "MediaPickerController" */;
			buildPhases = (
				C035C21719A8B5BE0072C2C0 /* Sources */,
				C035C21819A8B5BE0072C2C0 /* Frameworks */,
				C035C21919A8B5BE0072C2C0 /* Resources */,
			);
			buildRules = (
			);
			dependencies = (
			);
			name = MediaPickerController;
			productName = MediaPickerController;
			productReference = C035C21B19A8B5BE0072C2C0 /* MediaPickerController.app */;
			productType = "com.apple.product-type.application";
		};
		C035C23E19A8B5BE0072C2C0 /* MediaPickerControllerTests */ = {
			isa = PBXNativeTarget;
			buildConfigurationList = C035C25319A8B5BE0072C2C0 /* Build configuration list for PBXNativeTarget "MediaPickerControllerTests" */;
			buildPhases = (
				C035C23B19A8B5BE0072C2C0 /* Sources */,
				C035C23C19A8B5BE0072C2C0 /* Frameworks */,
				C035C23D19A8B5BE0072C2C0 /* Resources */,
			);
			buildRules = (
			);
			dependencies = (
				C035C24519A8B5BE0072C2C0 /* PBXTargetDependency */,
			);
			name = MediaPickerControllerTests;
			productName = MediaPickerControllerTests;
			productReference = C035C23F19A8B5BE0072C2C0 /* MediaPickerControllerTests.xctest */;
			productType = "com.apple.product-type.bundle.unit-test";
		};
/* End PBXNativeTarget section */

/* Begin PBXProject section */
		C035C21319A8B5BE0072C2C0 /* Project object */ = {
			isa = PBXProject;
			attributes = {
				LastUpgradeCheck = 0510;
				ORGANIZATIONNAME = Iftekhar;
				TargetAttributes = {
					C035C23E19A8B5BE0072C2C0 = {
						TestTargetID = C035C21A19A8B5BE0072C2C0;
					};
				};
			};
			buildConfigurationList = C035C21619A8B5BE0072C2C0 /* Build configuration list for PBXProject "MediaPickerController" */;
			compatibilityVersion = "Xcode 3.2";
			developmentRegion = English;
			hasScannedForEncodings = 0;
			knownRegions = (
				en,
				Base,
			);
			mainGroup = C035C21219A8B5BE0072C2C0;
			productRefGroup = C035C21C19A8B5BE0072C2C0 /* Products */;
			projectDirPath = "";
			projectRoot = "";
			targets = (
				C035C21A19A8B5BE0072C2C0 /* MediaPickerController */,
				C035C23E19A8B5BE0072C2C0 /* MediaPickerControllerTests */,
			);
		};
/* End PBXProject section */

/* Begin PBXResourcesBuildPhase section */
		C035C21919A8B5BE0072C2C0 /* Resources */ = {
			isa = PBXResourcesBuildPhase;
			buildActionMask = 2147483647;
			files = (
				C0ACF1AE19A8BD8A0071D368 /* mic.svg in Resources */,
				C0ACF19619A8BD8A0071D368 /* IQAudioPickerController.xcassets in Resources */,
				C035C23A19A8B5BE0072C2C0 /* Images.xcassets in Resources */,
				C035C23219A8B5BE0072C2C0 /* Main_iPhone.storyboard in Resources */,
				C0A8487C19A91F14005E5BCE /* IQMediaCaptureController.xcassets in Resources */,
				C035C22919A8B5BE0072C2C0 /* InfoPlist.strings in Resources */,
			);
			runOnlyForDeploymentPostprocessing = 0;
		};
		C035C23D19A8B5BE0072C2C0 /* Resources */ = {
			isa = PBXResourcesBuildPhase;
			buildActionMask = 2147483647;
			files = (
				C035C24B19A8B5BE0072C2C0 /* InfoPlist.strings in Resources */,
			);
			runOnlyForDeploymentPostprocessing = 0;
		};
/* End PBXResourcesBuildPhase section */

/* Begin PBXSourcesBuildPhase section */
		C035C21719A8B5BE0072C2C0 /* Sources */ = {
			isa = PBXSourcesBuildPhase;
			buildActionMask = 2147483647;
			files = (
				C0ACF1AA19A8BD8A0071D368 /* IQMediaView.m in Sources */,
				C0ACF19019A8BD8A0071D368 /* IQAssetsAlbumViewCell.m in Sources */,
				C0ACF1A819A8BD8A0071D368 /* IQBottomContainerView.m in Sources */,
				C0ACF1A219A8BD8A0071D368 /* IQSongsPlaylistViewController.m in Sources */,
				C0ACF19E19A8BD8A0071D368 /* IQSongsCompilationsViewController.m in Sources */,
				C035C23819A8B5BE0072C2C0 /* ViewController.m in Sources */,
				C0ACF19A19A8BD8A0071D368 /* IQSongsCell.m in Sources */,
				C0ACF1AF19A8BD8A0071D368 /* IQ_PocketSVG.m in Sources */,
				C0ACF19419A8BD8A0071D368 /* IQAssetsPickerController.m in Sources */,
				C0ACF19D19A8BD8A0071D368 /* IQSongsArtistListViewController.m in Sources */,
				C0ACF19819A8BD8A0071D368 /* IQAudioPickerShadowView.m in Sources */,
				C0ACF1A619A8BD8A0071D368 /* IQCaptureSession.m in Sources */,
				C0AEE56B19A8FA6E00879C17 /* PhotoTableViewCell.m in Sources */,
				C0ACF19919A8BD8A0071D368 /* IQSongsAlbumViewCell.m in Sources */,
				C0ACF1A319A8BD8A0071D368 /* IQMediaCaptureController.m in Sources */,
				C0ACF1A119A8BD8A0071D368 /* IQSongsListViewController.m in Sources */,
				C0ACF1B119A8BD8A0071D368 /* IQMediaPickerControllerConstants.m in Sources */,
				C0ACF1AC19A8BD8A0071D368 /* IQPartitionView.m in Sources */,
				C0ACF19C19A8BD8A0071D368 /* IQSongsAlbumListViewController.m in Sources */,
				C0ACF19319A8BD8A0071D368 /* IQCheckmarkView.m in Sources */,
				C0ACF19519A8BD8A0071D368 /* IQAudioPickerController.m in Sources */,
				C0AEE56519A8FA5700879C17 /* AudioTableViewCell.m in Sources */,
				C0ACF1A719A8BD8A0071D368 /* IQFileManager.m in Sources */,
				C0ACF1A019A8BD8A0071D368 /* IQSongsGenreViewController.m in Sources */,
				C0ACF1AD19A8BD8A0071D368 /* IQ_DPMeterView.m in Sources */,
				C0ACF19F19A8BD8A0071D368 /* IQSongsComposersViewController.m in Sources */,
				C0ACF19119A8BD8A0071D368 /* IQAssetsCell.m in Sources */,
				C0ACF19219A8BD8A0071D368 /* IQAssetsPickerShadowView.m in Sources */,
				C0ACF1AB19A8BD8A0071D368 /* IQPartitionBar.m in Sources */,
				C0ACF18F19A8BD8A0071D368 /* IQAlbumAssetsViewController.m in Sources */,
				C0AEE56819A8FA6400879C17 /* VideoTableViewCell.m in Sources */,
				C0ACF1A519A8BD8A0071D368 /* IQAudioSession.m in Sources */,
				C0ACF19719A8BD8A0071D368 /* IQAudioPickerUtility.m in Sources */,
				C035C22F19A8B5BE0072C2C0 /* AppDelegate.m in Sources */,
				C0ACF1A919A8BD8A0071D368 /* IQFeatureOverlay.m in Sources */,
				C035C22B19A8B5BE0072C2C0 /* main.m in Sources */,
				C0ACF1B019A8BD8A0071D368 /* IQMediaPickerController.m in Sources */,
				C0ACF19B19A8BD8A0071D368 /* IQSongsListTableHeaderView.m in Sources */,
			);
			runOnlyForDeploymentPostprocessing = 0;
		};
		C035C23B19A8B5BE0072C2C0 /* Sources */ = {
			isa = PBXSourcesBuildPhase;
			buildActionMask = 2147483647;
			files = (
				C035C24D19A8B5BE0072C2C0 /* MediaPickerControllerTests.m in Sources */,
			);
			runOnlyForDeploymentPostprocessing = 0;
		};
/* End PBXSourcesBuildPhase section */

/* Begin PBXTargetDependency section */
		C035C24519A8B5BE0072C2C0 /* PBXTargetDependency */ = {
			isa = PBXTargetDependency;
			target = C035C21A19A8B5BE0072C2C0 /* MediaPickerController */;
			targetProxy = C035C24419A8B5BE0072C2C0 /* PBXContainerItemProxy */;
		};
/* End PBXTargetDependency section */

/* Begin PBXVariantGroup section */
		C035C22719A8B5BE0072C2C0 /* InfoPlist.strings */ = {
			isa = PBXVariantGroup;
			children = (
				C035C22819A8B5BE0072C2C0 /* en */,
			);
			name = InfoPlist.strings;
			sourceTree = "<group>";
		};
		C035C23019A8B5BE0072C2C0 /* Main_iPhone.storyboard */ = {
			isa = PBXVariantGroup;
			children = (
				C035C23119A8B5BE0072C2C0 /* Base */,
			);
			name = Main_iPhone.storyboard;
			sourceTree = "<group>";
		};
		C035C24919A8B5BE0072C2C0 /* InfoPlist.strings */ = {
			isa = PBXVariantGroup;
			children = (
				C035C24A19A8B5BE0072C2C0 /* en */,
			);
			name = InfoPlist.strings;
			sourceTree = "<group>";
		};
/* End PBXVariantGroup section */

/* Begin XCBuildConfiguration section */
		C035C24E19A8B5BE0072C2C0 /* Debug */ = {
			isa = XCBuildConfiguration;
			buildSettings = {
				ALWAYS_SEARCH_USER_PATHS = NO;
				CLANG_CXX_LANGUAGE_STANDARD = "gnu++0x";
				CLANG_CXX_LIBRARY = "libc++";
				CLANG_ENABLE_MODULES = YES;
				CLANG_ENABLE_OBJC_ARC = YES;
				CLANG_WARN_BOOL_CONVERSION = YES;
				CLANG_WARN_CONSTANT_CONVERSION = YES;
				CLANG_WARN_DIRECT_OBJC_ISA_USAGE = YES_ERROR;
				CLANG_WARN_EMPTY_BODY = YES;
				CLANG_WARN_ENUM_CONVERSION = YES;
				CLANG_WARN_INT_CONVERSION = YES;
				CLANG_WARN_OBJC_ROOT_CLASS = YES_ERROR;
				CLANG_WARN__DUPLICATE_METHOD_MATCH = YES;
				"CODE_SIGN_IDENTITY[sdk=iphoneos*]" = "iPhone Developer";
				COPY_PHASE_STRIP = NO;
				GCC_C_LANGUAGE_STANDARD = gnu99;
				GCC_DYNAMIC_NO_PIC = NO;
				GCC_OPTIMIZATION_LEVEL = 0;
				GCC_PREPROCESSOR_DEFINITIONS = (
					"DEBUG=1",
					"$(inherited)",
				);
				GCC_SYMBOLS_PRIVATE_EXTERN = NO;
				GCC_WARN_64_TO_32_BIT_CONVERSION = YES;
				GCC_WARN_ABOUT_RETURN_TYPE = YES_ERROR;
				GCC_WARN_UNDECLARED_SELECTOR = YES;
				GCC_WARN_UNINITIALIZED_AUTOS = YES_AGGRESSIVE;
				GCC_WARN_UNUSED_FUNCTION = YES;
				GCC_WARN_UNUSED_VARIABLE = YES;
				IPHONEOS_DEPLOYMENT_TARGET = 7.1;
				ONLY_ACTIVE_ARCH = YES;
				SDKROOT = iphoneos;
				TARGETED_DEVICE_FAMILY = "1,2";
			};
			name = Debug;
		};
		C035C24F19A8B5BE0072C2C0 /* Release */ = {
			isa = XCBuildConfiguration;
			buildSettings = {
				ALWAYS_SEARCH_USER_PATHS = NO;
				CLANG_CXX_LANGUAGE_STANDARD = "gnu++0x";
				CLANG_CXX_LIBRARY = "libc++";
				CLANG_ENABLE_MODULES = YES;
				CLANG_ENABLE_OBJC_ARC = YES;
				CLANG_WARN_BOOL_CONVERSION = YES;
				CLANG_WARN_CONSTANT_CONVERSION = YES;
				CLANG_WARN_DIRECT_OBJC_ISA_USAGE = YES_ERROR;
				CLANG_WARN_EMPTY_BODY = YES;
				CLANG_WARN_ENUM_CONVERSION = YES;
				CLANG_WARN_INT_CONVERSION = YES;
				CLANG_WARN_OBJC_ROOT_CLASS = YES_ERROR;
				CLANG_WARN__DUPLICATE_METHOD_MATCH = YES;
				"CODE_SIGN_IDENTITY[sdk=iphoneos*]" = "iPhone Developer";
				COPY_PHASE_STRIP = YES;
				ENABLE_NS_ASSERTIONS = NO;
				GCC_C_LANGUAGE_STANDARD = gnu99;
				GCC_WARN_64_TO_32_BIT_CONVERSION = YES;
				GCC_WARN_ABOUT_RETURN_TYPE = YES_ERROR;
				GCC_WARN_UNDECLARED_SELECTOR = YES;
				GCC_WARN_UNINITIALIZED_AUTOS = YES_AGGRESSIVE;
				GCC_WARN_UNUSED_FUNCTION = YES;
				GCC_WARN_UNUSED_VARIABLE = YES;
				IPHONEOS_DEPLOYMENT_TARGET = 7.1;
				SDKROOT = iphoneos;
				TARGETED_DEVICE_FAMILY = "1,2";
				VALIDATE_PRODUCT = YES;
			};
			name = Release;
		};
		C035C25119A8B5BE0072C2C0 /* Debug */ = {
			isa = XCBuildConfiguration;
			buildSettings = {
				ASSETCATALOG_COMPILER_APPICON_NAME = AppIcon;
				ASSETCATALOG_COMPILER_LAUNCHIMAGE_NAME = LaunchImage;
				GCC_PRECOMPILE_PREFIX_HEADER = YES;
				GCC_PREFIX_HEADER = "MediaPickerController/MediaPickerController-Prefix.pch";
				INFOPLIST_FILE = "MediaPickerController/MediaPickerController-Info.plist";
				PRODUCT_NAME = "$(TARGET_NAME)";
				TARGETED_DEVICE_FAMILY = 1;
				WRAPPER_EXTENSION = app;
			};
			name = Debug;
		};
		C035C25219A8B5BE0072C2C0 /* Release */ = {
			isa = XCBuildConfiguration;
			buildSettings = {
				ASSETCATALOG_COMPILER_APPICON_NAME = AppIcon;
				ASSETCATALOG_COMPILER_LAUNCHIMAGE_NAME = LaunchImage;
				GCC_PRECOMPILE_PREFIX_HEADER = YES;
				GCC_PREFIX_HEADER = "MediaPickerController/MediaPickerController-Prefix.pch";
				INFOPLIST_FILE = "MediaPickerController/MediaPickerController-Info.plist";
				PRODUCT_NAME = "$(TARGET_NAME)";
				TARGETED_DEVICE_FAMILY = 1;
				WRAPPER_EXTENSION = app;
			};
			name = Release;
		};
		C035C25419A8B5BE0072C2C0 /* Debug */ = {
			isa = XCBuildConfiguration;
			buildSettings = {
				BUNDLE_LOADER = "$(BUILT_PRODUCTS_DIR)/MediaPickerController.app/MediaPickerController";
				FRAMEWORK_SEARCH_PATHS = (
					"$(SDKROOT)/Developer/Library/Frameworks",
					"$(inherited)",
					"$(DEVELOPER_FRAMEWORKS_DIR)",
				);
				GCC_PRECOMPILE_PREFIX_HEADER = YES;
				GCC_PREFIX_HEADER = "MediaPickerController/MediaPickerController-Prefix.pch";
				GCC_PREPROCESSOR_DEFINITIONS = (
					"DEBUG=1",
					"$(inherited)",
				);
				INFOPLIST_FILE = "MediaPickerControllerTests/MediaPickerControllerTests-Info.plist";
				PRODUCT_NAME = "$(TARGET_NAME)";
				TEST_HOST = "$(BUNDLE_LOADER)";
				WRAPPER_EXTENSION = xctest;
			};
			name = Debug;
		};
		C035C25519A8B5BE0072C2C0 /* Release */ = {
			isa = XCBuildConfiguration;
			buildSettings = {
				BUNDLE_LOADER = "$(BUILT_PRODUCTS_DIR)/MediaPickerController.app/MediaPickerController";
				FRAMEWORK_SEARCH_PATHS = (
					"$(SDKROOT)/Developer/Library/Frameworks",
					"$(inherited)",
					"$(DEVELOPER_FRAMEWORKS_DIR)",
				);
				GCC_PRECOMPILE_PREFIX_HEADER = YES;
				GCC_PREFIX_HEADER = "MediaPickerController/MediaPickerController-Prefix.pch";
				INFOPLIST_FILE = "MediaPickerControllerTests/MediaPickerControllerTests-Info.plist";
				PRODUCT_NAME = "$(TARGET_NAME)";
				TEST_HOST = "$(BUNDLE_LOADER)";
				WRAPPER_EXTENSION = xctest;
			};
			name = Release;
		};
/* End XCBuildConfiguration section */

/* Begin XCConfigurationList section */
		C035C21619A8B5BE0072C2C0 /* Build configuration list for PBXProject "MediaPickerController" */ = {
			isa = XCConfigurationList;
			buildConfigurations = (
				C035C24E19A8B5BE0072C2C0 /* Debug */,
				C035C24F19A8B5BE0072C2C0 /* Release */,
			);
			defaultConfigurationIsVisible = 0;
			defaultConfigurationName = Release;
		};
		C035C25019A8B5BE0072C2C0 /* Build configuration list for PBXNativeTarget "MediaPickerController" */ = {
			isa = XCConfigurationList;
			buildConfigurations = (
				C035C25119A8B5BE0072C2C0 /* Debug */,
				C035C25219A8B5BE0072C2C0 /* Release */,
			);
			defaultConfigurationIsVisible = 0;
			defaultConfigurationName = Release;
		};
		C035C25319A8B5BE0072C2C0 /* Build configuration list for PBXNativeTarget "MediaPickerControllerTests" */ = {
			isa = XCConfigurationList;
			buildConfigurations = (
				C035C25419A8B5BE0072C2C0 /* Debug */,
				C035C25519A8B5BE0072C2C0 /* Release */,
			);
			defaultConfigurationIsVisible = 0;
			defaultConfigurationName = Release;
		};
/* End XCConfigurationList section */
	};
	rootObject = C035C21319A8B5BE0072C2C0 /* Project object */;
}
